
Microsoft Visual Studio Solution File, Format Version 12.00
# Visual Studio Version 17
VisualStudioVersion = 17.7.34003.232
MinimumVisualStudioVersion = 10.0.40219.1
Project("{FAE04EC0-301F-11D3-BF4B-00C04F79EFBC}") = "aep-fe-gc-.net-t19-08-2023", "aep-fe-gc-.net-t19-08-2023.csproj", "{CDFF1A62-5A91-4430-BB12-179A8FBF56A7}"
EndProject
Global
	GlobalSection(SolutionConfigurationPlatforms) = preSolution
		Debug|Any CPU = Debug|Any CPU
		Release|Any CPU = Release|Any CPU
	EndGlobalSection
	GlobalSection(ProjectConfigurationPlatforms) = postSolution
		{CDFF1A62-5A91-4430-BB12-179A8FBF56A7}.Debug|Any CPU.ActiveCfg = Debug|Any CPU
		{CDFF1A62-5A91-4430-BB12-179A8FBF56A7}.Debug|Any CPU.Build.0 = Debug|Any CPU
		{CDFF1A62-5A91-4430-BB12-179A8FBF56A7}.Release|Any CPU.ActiveCfg = Release|Any CPU
		{CDFF1A62-5A91-4430-BB12-179A8FBF56A7}.Release|Any CPU.Build.0 = Release|Any CPU
	EndGlobalSection
	GlobalSection(SolutionProperties) = preSolution
		HideSolutionNode = FALSE
	EndGlobalSection
	GlobalSection(ExtensibilityGlobals) = postSolution
		SolutionGuid = {3ADFC1F0-97CB-4C84-8203-6558A021164A}
	EndGlobalSection
EndGlobal
